{
  "name": "nyamori2024-nyamori2024-nyamori2024-brainwave_matrix_intern_e-commerce_website",
  "version": "1.0.0",
  "lockfileVersion": 2,
  "requires": true,
  "packages": {
    "": {
      "name": "nyamori2024-nyamori2024-nyamori2024-brainwave_matrix_intern_e-commerce_website",
      "version": "1.0.0",
      "license": "ISC"
    }
  }
}
